<?xml version="1.0" encoding="UTF-8"?>
<!DOCTYPE plist PUBLIC "-//Apple//DTD PLIST 1.0//EN" "http://www.apple.com/DTDs/PropertyList-1.0.dtd">
<plist version="1.0">
<dict>
	<key>archiveVersion</key>
	<string>1</string>
	<key>classes</key>
	<dict/>
	<key>objectVersion</key>
	<string>46</string>
	<key>objects</key>
	<dict>
		<key>19F7437598D74BF9B3E2C0CD</key>
		<dict>
			<key>fileRef</key>
			<string>FC7EB140D9A545D885651900</string>
			<key>isa</key>
			<string>PBXBuildFile</string>
		</dict>
		<key>2DA8C003D78AC0B02F0F4609</key>
		<dict>
			<key>buildConfigurations</key>
			<array>
				<string>2DA8CEFDAE863790F8552866</string>
				<string>2DA8C133904B3C1D07CCBEC9</string>
			</array>
			<key>defaultConfigurationIsVisible</key>
			<string>0</string>
			<key>defaultConfigurationName</key>
			<string>Release</string>
			<key>isa</key>
			<string>XCConfigurationList</string>
		</dict>
		<key>2DA8C0B00AC438BD08A6FA66</key>
		<dict>
			<key>isa</key>
			<string>PBXFileReference</string>
			<key>lastKnownFileType</key>
			<string>wrapper.framework</string>
			<key>name</key>
			<string>Foundation.framework</string>
			<key>path</key>
			<string>System/Library/Frameworks/Foundation.framework</string>
			<key>sourceTree</key>
			<string>SDKROOT</string>
		</dict>
		<key>2DA8C133904B3C1D07CCBEC9</key>
		<dict>
			<key>buildSettings</key>
			<dict>
				<key>ALWAYS_SEARCH_USER_PATHS</key>
				<string>NO</string>
				<key>CLANG_CXX_LANGUAGE_STANDARD</key>
				<string>gnu++0x</string>
				<key>CLANG_CXX_LIBRARY</key>
				<string>libc++</string>
				<key>CLANG_ENABLE_MODULES</key>
				<string>YES</string>
				<key>CLANG_ENABLE_OBJC_ARC</key>
				<string>YES</string>
				<key>CLANG_WARN_BOOL_CONVERSION</key>
				<string>YES</string>
				<key>CLANG_WARN_CONSTANT_CONVERSION</key>
				<string>YES</string>
				<key>CLANG_WARN_DIRECT_OBJC_ISA_USAGE</key>
				<string>YES_ERROR</string>
				<key>CLANG_WARN_EMPTY_BODY</key>
				<string>YES</string>
				<key>CLANG_WARN_ENUM_CONVERSION</key>
				<string>YES</string>
				<key>CLANG_WARN_INT_CONVERSION</key>
				<string>YES</string>
				<key>CLANG_WARN_OBJC_ROOT_CLASS</key>
				<string>YES_ERROR</string>
				<key>CLANG_WARN__DUPLICATE_METHOD_MATCH</key>
				<string>YES</string>
				<key>CODE_SIGN_IDENTITY[sdk=iphoneos*]</key>
				<string>iPhone Developer</string>
				<key>COPY_PHASE_STRIP</key>
				<string>NO</string>
				<key>GCC_C_LANGUAGE_STANDARD</key>
				<string>gnu99</string>
				<key>GCC_DYNAMIC_NO_PIC</key>
				<string>NO</string>
				<key>GCC_OPTIMIZATION_LEVEL</key>
				<string>0</string>
				<key>GCC_PREPROCESSOR_DEFINITIONS</key>
				<array>
					<string>DEBUG=1</string>
					<string>$(inherited)</string>
				</array>
				<key>GCC_SYMBOLS_PRIVATE_EXTERN</key>
				<string>NO</string>
				<key>GCC_WARN_64_TO_32_BIT_CONVERSION</key>
				<string>YES</string>
				<key>GCC_WARN_ABOUT_RETURN_TYPE</key>
				<string>YES_ERROR</string>
				<key>GCC_WARN_UNDECLARED_SELECTOR</key>
				<string>YES</string>
				<key>GCC_WARN_UNINITIALIZED_AUTOS</key>
				<string>YES_AGGRESSIVE</string>
				<key>GCC_WARN_UNUSED_FUNCTION</key>
				<string>YES</string>
				<key>GCC_WARN_UNUSED_VARIABLE</key>
				<string>YES</string>
				<key>IPHONEOS_DEPLOYMENT_TARGET</key>
				<string>7.1</string>
				<key>ONLY_ACTIVE_ARCH</key>
				<string>YES</string>
				<key>SDKROOT</key>
				<string>iphoneos</string>
				<key>TARGETED_DEVICE_FAMILY</key>
				<string>1,2</string>
			</dict>
			<key>isa</key>
			<string>XCBuildConfiguration</string>
			<key>name</key>
			<string>Debug</string>
		</dict>
		<key>2DA8C196BFA4233324C0BD7C</key>
		<dict>
			<key>fileRef</key>
			<string>2DA8CFEF572C73CECE6BA4B4</string>
			<key>isa</key>
			<string>PBXBuildFile</string>
		</dict>
		<key>2DA8C19CA32B42AA3FAAEF03</key>
		<dict>
			<key>children</key>
			<array>
				<string>2DA8CE9FA22C4D0CB9ADBF3E</string>
			</array>
			<key>isa</key>
			<string>PBXVariantGroup</string>
			<key>name</key>
			<string>InfoPlist.strings</string>
			<key>sourceTree</key>
			<string>&lt;group&gt;</string>
		</dict>
		<key>2DA8C1E5C0B78D73675AF61E</key>
		<dict>
			<key>buildSettings</key>
			<dict>
				<key>FRAMEWORK_SEARCH_PATHS</key>
				<array>
					<string>$(SDKROOT)/Developer/Library/Frameworks</string>
					<string>$(inherited)</string>
				</array>
				<key>GCC_PRECOMPILE_PREFIX_HEADER</key>
				<string>YES</string>
				<key>GCC_PREFIX_HEADER</key>
				<string>LVTwitterOAuthClient/LVTwitterOAuthClient-Prefix.pch</string>
				<key>INFOPLIST_FILE</key>
				<string>LVTwitterOAuthClientTests/LVTwitterOAuthClientTests-Info.plist</string>
				<key>PRODUCT_NAME</key>
				<string>$(TARGET_NAME)</string>
				<key>WRAPPER_EXTENSION</key>
				<string>xctest</string>
			</dict>
			<key>isa</key>
			<string>XCBuildConfiguration</string>
			<key>name</key>
			<string>Release</string>
		</dict>
		<key>2DA8C20C279D08DFAD19921E</key>
		<dict>
			<key>isa</key>
			<string>PBXFileReference</string>
			<key>lastKnownFileType</key>
			<string>text.plist.info</string>
			<key>path</key>
			<string>LVTwitterOAuthClient-Info.plist</string>
			<key>sourceTree</key>
			<string>&lt;group&gt;</string>
		</dict>
		<key>2DA8C2146AA45C4117205590</key>
		<dict>
			<key>buildSettings</key>
			<dict>
				<key>FRAMEWORK_SEARCH_PATHS</key>
				<array>
					<string>$(SDKROOT)/Developer/Library/Frameworks</string>
					<string>$(inherited)</string>
				</array>
				<key>GCC_PRECOMPILE_PREFIX_HEADER</key>
				<string>YES</string>
				<key>GCC_PREFIX_HEADER</key>
				<string>LVTwitterOAuthClient/LVTwitterOAuthClient-Prefix.pch</string>
				<key>INFOPLIST_FILE</key>
				<string>LVTwitterOAuthClientTests/LVTwitterOAuthClientTests-Info.plist</string>
				<key>PRODUCT_NAME</key>
				<string>$(TARGET_NAME)</string>
				<key>WRAPPER_EXTENSION</key>
				<string>xctest</string>
			</dict>
			<key>isa</key>
			<string>XCBuildConfiguration</string>
			<key>name</key>
			<string>Debug</string>
		</dict>
		<key>2DA8C23278D61515E0A81D4C</key>
		<dict>
			<key>fileRef</key>
			<string>2DA8CBC433CDEB1CAA800481</string>
			<key>isa</key>
			<string>PBXBuildFile</string>
		</dict>
		<key>2DA8C25D1DC4E706D0D2D56C</key>
		<dict>
			<key>buildConfigurationList</key>
			<string>2DA8C8D832CDA809C226049F</string>
			<key>buildPhases</key>
			<array>
				<string>2DA8C654F11A6203A5580DBC</string>
				<string>2DA8C688733B671779DF8F8E</string>
				<string>2DA8CC68929F06AA6C285B86</string>
			</array>
			<key>buildRules</key>
			<array/>
			<key>dependencies</key>
			<array>
				<string>2DA8C82594F24D714318BA8A</string>
			</array>
			<key>isa</key>
			<string>PBXNativeTarget</string>
			<key>name</key>
			<string>LVTwitterOAuthClientTests</string>
			<key>productName</key>
			<string>LVTwitterOAuthClientTests</string>
			<key>productReference</key>
			<string>2DA8CC7B380D0D26AD288A8E</string>
			<key>productType</key>
			<string>com.apple.product-type.bundle.unit-test</string>
		</dict>
		<key>2DA8C2A3A82D1900DFD8F1F0</key>
		<dict>
			<key>fileRef</key>
			<string>2DA8CC8BFAF53669AE61C76E</string>
			<key>isa</key>
			<string>PBXBuildFile</string>
		</dict>
		<key>2DA8C2A70B4678EA6D3CF626</key>
		<dict>
			<key>children</key>
			<array>
				<string>2DA8CFA015C687D493EE524D</string>
				<string>2DA8CF09CA2E1897550288D7</string>
				<string>2DA8CE0118E8EDFED8A8D115</string>
				<string>2DA8C95698DDF38BFA0B1A1C</string>
				<string>83194A0893A34DF5A811604A</string>
			</array>
			<key>isa</key>
			<string>PBXGroup</string>
			<key>sourceTree</key>
			<string>&lt;group&gt;</string>
		</dict>
		<key>2DA8C2AD3266F7C6CEA6F325</key>
		<dict>
			<key>baseConfigurationReference</key>
			<string>83194A0893A34DF5A811604A</string>
			<key>buildSettings</key>
			<dict>
				<key>ASSETCATALOG_COMPILER_APPICON_NAME</key>
				<string>AppIcon</string>
				<key>ASSETCATALOG_COMPILER_LAUNCHIMAGE_NAME</key>
				<string>LaunchImage</string>
				<key>GCC_PRECOMPILE_PREFIX_HEADER</key>
				<string>YES</string>
				<key>GCC_PREFIX_HEADER</key>
				<string>LVTwitterOAuthClient/LVTwitterOAuthClient-Prefix.pch</string>
				<key>INFOPLIST_FILE</key>
				<string>LVTwitterOAuthClient/LVTwitterOAuthClient-Info.plist</string>
				<key>PRODUCT_NAME</key>
				<string>$(TARGET_NAME)</string>
				<key>WRAPPER_EXTENSION</key>
				<string>app</string>
			</dict>
			<key>isa</key>
			<string>XCBuildConfiguration</string>
			<key>name</key>
			<string>Debug</string>
		</dict>
		<key>2DA8C3125A1820ED34E19373</key>
		<dict>
			<key>isa</key>
			<string>PBXFileReference</string>
			<key>lastKnownFileType</key>
			<string>sourcecode.c.h</string>
			<key>path</key>
			<string>LVAppDelegate.h</string>
			<key>sourceTree</key>
			<string>&lt;group&gt;</string>
		</dict>
		<key>2DA8C42C7ABB43AAE1255ED4</key>
		<dict>
			<key>buildConfigurationList</key>
			<string>2DA8C9AE52D47E25726D77BB</string>
			<key>buildPhases</key>
			<array>
				<string>309587E451C54829915D2593</string>
				<string>2DA8C8B78C4CECDF48B840E2</string>
				<string>2DA8CB24E8FD9BBBB7BCECF9</string>
				<string>2DA8CAF3AF11918ABB699436</string>
				<string>79092DB535FD446DA711E545</string>
			</array>
			<key>buildRules</key>
			<array/>
			<key>dependencies</key>
			<array/>
			<key>isa</key>
			<string>PBXNativeTarget</string>
			<key>name</key>
			<string>LVTwitterOAuthClient</string>
			<key>productName</key>
			<string>LVTwitterOAuthClient</string>
			<key>productReference</key>
			<string>2DA8CA0DAD741E169C717869</string>
			<key>productType</key>
			<string>com.apple.product-type.application</string>
		</dict>
		<key>2DA8C447DC9F9E62238D36E6</key>
		<dict>
			<key>fileRef</key>
			<string>2DA8CC978C68283A4127252E</string>
			<key>isa</key>
			<string>PBXBuildFile</string>
		</dict>
		<key>2DA8C5C38808CF96C534DA37</key>
		<dict>
			<key>fileRef</key>
			<string>2DA8C89C5B47AC6EE5BBC7FC</string>
			<key>isa</key>
			<string>PBXBuildFile</string>
		</dict>
		<key>2DA8C654F11A6203A5580DBC</key>
		<dict>
			<key>buildActionMask</key>
			<string>2147483647</string>
			<key>files</key>
			<array>
				<string>2DA8C23278D61515E0A81D4C</string>
			</array>
			<key>isa</key>
			<string>PBXSourcesBuildPhase</string>
			<key>runOnlyForDeploymentPostprocessing</key>
			<string>0</string>
		</dict>
		<key>2DA8C688733B671779DF8F8E</key>
		<dict>
			<key>buildActionMask</key>
			<string>2147483647</string>
			<key>files</key>
			<array>
				<string>2DA8CA5834392595052FB51B</string>
				<string>2DA8C7AD421DB368FA61EF9E</string>
				<string>2DA8C5C38808CF96C534DA37</string>
			</array>
			<key>isa</key>
			<string>PBXFrameworksBuildPhase</string>
			<key>runOnlyForDeploymentPostprocessing</key>
			<string>0</string>
		</dict>
		<key>2DA8C6DCCD5B67C3B5C28732</key>
		<dict>
			<key>fileRef</key>
			<string>2DA8C89C5B47AC6EE5BBC7FC</string>
			<key>isa</key>
			<string>PBXBuildFile</string>
		</dict>
		<key>2DA8C710BB1028706976D3B9</key>
		<dict>
			<key>attributes</key>
			<dict>
				<key>ORGANIZATIONNAME</key>
				<string>Loovin, Inc</string>
			</dict>
			<key>buildConfigurationList</key>
			<string>2DA8C003D78AC0B02F0F4609</string>
			<key>compatibilityVersion</key>
			<string>Xcode 3.2</string>
			<key>developmentRegion</key>
			<string>English</string>
			<key>hasScannedForEncodings</key>
			<string>0</string>
			<key>isa</key>
			<string>PBXProject</string>
			<key>knownRegions</key>
			<array>
				<string>en</string>
			</array>
			<key>mainGroup</key>
			<string>2DA8C2A70B4678EA6D3CF626</string>
			<key>productRefGroup</key>
			<string>2DA8CFA015C687D493EE524D</string>
			<key>projectDirPath</key>
			<string></string>
			<key>projectReferences</key>
			<array/>
			<key>projectRoot</key>
			<string></string>
			<key>targets</key>
			<array>
				<string>2DA8C42C7ABB43AAE1255ED4</string>
				<string>2DA8C25D1DC4E706D0D2D56C</string>
			</array>
		</dict>
		<key>2DA8C7AD421DB368FA61EF9E</key>
		<dict>
			<key>fileRef</key>
			<string>2DA8C0B00AC438BD08A6FA66</string>
			<key>isa</key>
			<string>PBXBuildFile</string>
		</dict>
		<key>2DA8C82594F24D714318BA8A</key>
		<dict>
			<key>isa</key>
			<string>PBXTargetDependency</string>
			<key>target</key>
			<string>2DA8C42C7ABB43AAE1255ED4</string>
			<key>targetProxy</key>
			<string>2DA8CC82E52E1F99A5E75ED3</string>
		</dict>
		<key>2DA8C89C5B47AC6EE5BBC7FC</key>
		<dict>
			<key>isa</key>
			<string>PBXFileReference</string>
			<key>lastKnownFileType</key>
			<string>wrapper.framework</string>
			<key>name</key>
			<string>UIKit.framework</string>
			<key>path</key>
			<string>System/Library/Frameworks/UIKit.framework</string>
			<key>sourceTree</key>
			<string>SDKROOT</string>
		</dict>
		<key>2DA8C8A4551936E89CF03548</key>
		<dict>
			<key>children</key>
			<array>
				<string>2DA8C20C279D08DFAD19921E</string>
				<string>2DA8C19CA32B42AA3FAAEF03</string>
				<string>2DA8CC8BFAF53669AE61C76E</string>
				<string>2DA8C8AA2EDCDD4B81157BE9</string>
			</array>
			<key>isa</key>
			<string>PBXGroup</string>
			<key>name</key>
			<string>Supporting Files</string>
			<key>sourceTree</key>
			<string>&lt;group&gt;</string>
		</dict>
		<key>2DA8C8AA2EDCDD4B81157BE9</key>
		<dict>
			<key>isa</key>
			<string>PBXFileReference</string>
			<key>lastKnownFileType</key>
			<string>sourcecode.c.h</string>
			<key>path</key>
			<string>LVTwitterOAuthClient-Prefix.pch</string>
			<key>sourceTree</key>
			<string>&lt;group&gt;</string>
		</dict>
		<key>2DA8C8B78C4CECDF48B840E2</key>
		<dict>
			<key>buildActionMask</key>
			<string>2147483647</string>
			<key>files</key>
			<array>
				<string>2DA8C2A3A82D1900DFD8F1F0</string>
				<string>2DA8C447DC9F9E62238D36E6</string>
			</array>
			<key>isa</key>
			<string>PBXSourcesBuildPhase</string>
			<key>runOnlyForDeploymentPostprocessing</key>
			<string>0</string>
		</dict>
		<key>2DA8C8D832CDA809C226049F</key>
		<dict>
			<key>buildConfigurations</key>
			<array>
				<string>2DA8C1E5C0B78D73675AF61E</string>
				<string>2DA8C2146AA45C4117205590</string>
			</array>
			<key>defaultConfigurationIsVisible</key>
			<string>0</string>
			<key>isa</key>
			<string>XCConfigurationList</string>
		</dict>
		<key>2DA8C95698DDF38BFA0B1A1C</key>
		<dict>
			<key>children</key>
			<array>
				<string>2DA8C9EA806805CA0D8258C4</string>
				<string>2DA8CBC433CDEB1CAA800481</string>
			</array>
			<key>isa</key>
			<string>PBXGroup</string>
			<key>path</key>
			<string>LVTwitterOAuthClientTests</string>
			<key>sourceTree</key>
			<string>&lt;group&gt;</string>
		</dict>
		<key>2DA8C990E82632F6EB585674</key>
		<dict>
			<key>isa</key>
			<string>PBXFileReference</string>
			<key>lastKnownFileType</key>
			<string>wrapper.framework</string>
			<key>name</key>
			<string>CoreGraphics.framework</string>
			<key>path</key>
			<string>System/Library/Frameworks/CoreGraphics.framework</string>
			<key>sourceTree</key>
			<string>SDKROOT</string>
		</dict>
		<key>2DA8C9AE52D47E25726D77BB</key>
		<dict>
			<key>buildConfigurations</key>
			<array>
				<string>2DA8CE32C1B3380CC5626A80</string>
				<string>2DA8C2AD3266F7C6CEA6F325</string>
			</array>
			<key>defaultConfigurationIsVisible</key>
			<string>0</string>
			<key>isa</key>
			<string>XCConfigurationList</string>
		</dict>
		<key>2DA8C9EA806805CA0D8258C4</key>
		<dict>
			<key>children</key>
			<array>
				<string>2DA8CFD4E8E423BC03612F5C</string>
				<string>2DA8CD2711387717D027337C</string>
			</array>
			<key>isa</key>
			<string>PBXGroup</string>
			<key>name</key>
			<string>Supporting Files</string>
			<key>sourceTree</key>
			<string>&lt;group&gt;</string>
		</dict>
		<key>2DA8CA0DAD741E169C717869</key>
		<dict>
			<key>explicitFileType</key>
			<string>wrapper.application</string>
			<key>includeInIndex</key>
			<string>0</string>
			<key>isa</key>
			<string>PBXFileReference</string>
			<key>path</key>
			<string>LVTwitterOAuthClient.app</string>
			<key>sourceTree</key>
			<string>BUILT_PRODUCTS_DIR</string>
		</dict>
		<key>2DA8CA5834392595052FB51B</key>
		<dict>
			<key>fileRef</key>
			<string>2DA8CB0666FB51F41F0BD2DE</string>
			<key>isa</key>
			<string>PBXBuildFile</string>
		</dict>
		<key>2DA8CA65C6736142FCA85938</key>
		<dict>
			<key>fileRef</key>
			<string>2DA8C0B00AC438BD08A6FA66</string>
			<key>isa</key>
			<string>PBXBuildFile</string>
		</dict>
		<key>2DA8CAB7D79B9A3973875877</key>
		<dict>
			<key>fileRef</key>
			<string>2DA8C990E82632F6EB585674</string>
			<key>isa</key>
			<string>PBXBuildFile</string>
		</dict>
		<key>2DA8CAF3AF11918ABB699436</key>
		<dict>
			<key>buildActionMask</key>
			<string>2147483647</string>
			<key>files</key>
			<array>
				<string>2DA8CB061F39FB72911DF8D1</string>
				<string>2DA8C196BFA4233324C0BD7C</string>
			</array>
			<key>isa</key>
			<string>PBXResourcesBuildPhase</string>
			<key>runOnlyForDeploymentPostprocessing</key>
			<string>0</string>
		</dict>
		<key>2DA8CB061F39FB72911DF8D1</key>
		<dict>
			<key>fileRef</key>
			<string>2DA8C19CA32B42AA3FAAEF03</string>
			<key>isa</key>
			<string>PBXBuildFile</string>
		</dict>
		<key>2DA8CB0666FB51F41F0BD2DE</key>
		<dict>
			<key>isa</key>
			<string>PBXFileReference</string>
			<key>lastKnownFileType</key>
			<string>wrapper.framework</string>
			<key>name</key>
			<string>XCTest.framework</string>
			<key>path</key>
			<string>Library/Frameworks/XCTest.framework</string>
			<key>sourceTree</key>
			<string>DEVELOPER_DIR</string>
		</dict>
		<key>2DA8CB24E8FD9BBBB7BCECF9</key>
		<dict>
			<key>buildActionMask</key>
			<string>2147483647</string>
			<key>files</key>
			<array>
				<string>2DA8CA65C6736142FCA85938</string>
				<string>2DA8CAB7D79B9A3973875877</string>
				<string>2DA8C6DCCD5B67C3B5C28732</string>
				<string>19F7437598D74BF9B3E2C0CD</string>
			</array>
			<key>isa</key>
			<string>PBXFrameworksBuildPhase</string>
			<key>runOnlyForDeploymentPostprocessing</key>
			<string>0</string>
		</dict>
		<key>2DA8CB84AEE4B7FC57FFB347</key>
		<dict>
			<key>fileRef</key>
			<string>2DA8CD2711387717D027337C</string>
			<key>isa</key>
			<string>PBXBuildFile</string>
		</dict>
		<key>2DA8CBC433CDEB1CAA800481</key>
		<dict>
			<key>isa</key>
			<string>PBXFileReference</string>
			<key>lastKnownFileType</key>
			<string>sourcecode.c.objc</string>
			<key>path</key>
			<string>LVTwitterOAuthClientTests.m</string>
			<key>sourceTree</key>
			<string>&lt;group&gt;</string>
		</dict>
		<key>2DA8CC68929F06AA6C285B86</key>
		<dict>
			<key>buildActionMask</key>
			<string>2147483647</string>
			<key>files</key>
			<array>
				<string>2DA8CB84AEE4B7FC57FFB347</string>
			</array>
			<key>isa</key>
			<string>PBXResourcesBuildPhase</string>
			<key>runOnlyForDeploymentPostprocessing</key>
			<string>0</string>
		</dict>
		<key>2DA8CC7B380D0D26AD288A8E</key>
		<dict>
			<key>explicitFileType</key>
			<string>wrapper.cfbundle</string>
			<key>includeInIndex</key>
			<string>0</string>
			<key>isa</key>
			<string>PBXFileReference</string>
			<key>path</key>
			<string>LVTwitterOAuthClientTests.xctest</string>
			<key>sourceTree</key>
			<string>BUILT_PRODUCTS_DIR</string>
		</dict>
		<key>2DA8CC82E52E1F99A5E75ED3</key>
		<dict>
			<key>containerPortal</key>
			<string>2DA8C710BB1028706976D3B9</string>
			<key>isa</key>
			<string>PBXContainerItemProxy</string>
			<key>proxyType</key>
			<string>1</string>
			<key>remoteGlobalIDString</key>
			<string>2DA8C42C7ABB43AAE1255ED4</string>
			<key>remoteInfo</key>
			<string>LVTwitterOAuthClient</string>
		</dict>
		<key>2DA8CC8BFAF53669AE61C76E</key>
		<dict>
			<key>isa</key>
			<string>PBXFileReference</string>
			<key>lastKnownFileType</key>
			<string>sourcecode.c.objc</string>
			<key>path</key>
			<string>main.m</string>
			<key>sourceTree</key>
			<string>&lt;group&gt;</string>
		</dict>
		<key>2DA8CC978C68283A4127252E</key>
		<dict>
			<key>isa</key>
			<string>PBXFileReference</string>
			<key>lastKnownFileType</key>
			<string>sourcecode.c.objc</string>
			<key>path</key>
			<string>LVAppDelegate.m</string>
			<key>sourceTree</key>
			<string>&lt;group&gt;</string>
		</dict>
		<key>2DA8CD2711387717D027337C</key>
		<dict>
			<key>children</key>
			<array>
				<string>2DA8CF5C823744ADE931B350</string>
			</array>
			<key>isa</key>
			<string>PBXVariantGroup</string>
			<key>name</key>
			<string>InfoPlist.strings</string>
			<key>sourceTree</key>
			<string>&lt;group&gt;</string>
		</dict>
		<key>2DA8CE0118E8EDFED8A8D115</key>
		<dict>
			<key>children</key>
			<array>
				<string>2DA8C8A4551936E89CF03548</string>
				<string>2DA8C3125A1820ED34E19373</string>
				<string>2DA8CC978C68283A4127252E</string>
				<string>2DA8CFEF572C73CECE6BA4B4</string>
			</array>
			<key>isa</key>
			<string>PBXGroup</string>
			<key>path</key>
			<string>LVTwitterOAuthClient</string>
			<key>sourceTree</key>
			<string>&lt;group&gt;</string>
		</dict>
		<key>2DA8CE32C1B3380CC5626A80</key>
		<dict>
			<key>baseConfigurationReference</key>
			<string>83194A0893A34DF5A811604A</string>
			<key>buildSettings</key>
			<dict>
				<key>ASSETCATALOG_COMPILER_APPICON_NAME</key>
				<string>AppIcon</string>
				<key>ASSETCATALOG_COMPILER_LAUNCHIMAGE_NAME</key>
				<string>LaunchImage</string>
				<key>GCC_PRECOMPILE_PREFIX_HEADER</key>
				<string>YES</string>
				<key>GCC_PREFIX_HEADER</key>
				<string>LVTwitterOAuthClient/LVTwitterOAuthClient-Prefix.pch</string>
				<key>INFOPLIST_FILE</key>
				<string>LVTwitterOAuthClient/LVTwitterOAuthClient-Info.plist</string>
				<key>PRODUCT_NAME</key>
				<string>$(TARGET_NAME)</string>
				<key>WRAPPER_EXTENSION</key>
				<string>app</string>
			</dict>
			<key>isa</key>
			<string>XCBuildConfiguration</string>
			<key>name</key>
			<string>Release</string>
		</dict>
		<key>2DA8CE9FA22C4D0CB9ADBF3E</key>
		<dict>
			<key>isa</key>
			<string>PBXFileReference</string>
			<key>lastKnownFileType</key>
			<string>text.plist.strings</string>
			<key>name</key>
			<string>en</string>
			<key>path</key>
			<string>en.lproj/InfoPlist.strings</string>
			<key>sourceTree</key>
			<string>&lt;group&gt;</string>
		</dict>
		<key>2DA8CEFDAE863790F8552866</key>
		<dict>
			<key>buildSettings</key>
			<dict>
				<key>ALWAYS_SEARCH_USER_PATHS</key>
				<string>NO</string>
				<key>CLANG_CXX_LANGUAGE_STANDARD</key>
				<string>gnu++0x</string>
				<key>CLANG_CXX_LIBRARY</key>
				<string>libc++</string>
				<key>CLANG_ENABLE_MODULES</key>
				<string>YES</string>
				<key>CLANG_ENABLE_OBJC_ARC</key>
				<string>YES</string>
				<key>CLANG_WARN_BOOL_CONVERSION</key>
				<string>YES</string>
				<key>CLANG_WARN_CONSTANT_CONVERSION</key>
				<string>YES</string>
				<key>CLANG_WARN_DIRECT_OBJC_ISA_USAGE</key>
				<string>YES_ERROR</string>
				<key>CLANG_WARN_EMPTY_BODY</key>
				<string>YES</string>
				<key>CLANG_WARN_ENUM_CONVERSION</key>
				<string>YES</string>
				<key>CLANG_WARN_INT_CONVERSION</key>
				<string>YES</string>
				<key>CLANG_WARN_OBJC_ROOT_CLASS</key>
				<string>YES_ERROR</string>
				<key>CLANG_WARN__DUPLICATE_METHOD_MATCH</key>
				<string>YES</string>
				<key>CODE_SIGN_IDENTITY[sdk=iphoneos*]</key>
				<string>iPhone Developer</string>
				<key>COPY_PHASE_STRIP</key>
				<string>YES</string>
				<key>ENABLE_NS_ASSERTIONS</key>
				<string>NO</string>
				<key>GCC_C_LANGUAGE_STANDARD</key>
				<string>gnu99</string>
				<key>GCC_WARN_64_TO_32_BIT_CONVERSION</key>
				<string>YES</string>
				<key>GCC_WARN_ABOUT_RETURN_TYPE</key>
				<string>YES_ERROR</string>
				<key>GCC_WARN_UNDECLARED_SELECTOR</key>
				<string>YES</string>
				<key>GCC_WARN_UNINITIALIZED_AUTOS</key>
				<string>YES_AGGRESSIVE</string>
				<key>GCC_WARN_UNUSED_FUNCTION</key>
				<string>YES</string>
				<key>GCC_WARN_UNUSED_VARIABLE</key>
				<string>YES</string>
				<key>IPHONEOS_DEPLOYMENT_TARGET</key>
				<string>7.1</string>
				<key>SDKROOT</key>
				<string>iphoneos</string>
				<key>TARGETED_DEVICE_FAMILY</key>
				<string>1,2</string>
				<key>VALIDATE_PRODUCT</key>
				<string>YES</string>
			</dict>
			<key>isa</key>
			<string>XCBuildConfiguration</string>
			<key>name</key>
			<string>Release</string>
		</dict>
		<key>2DA8CF09CA2E1897550288D7</key>
		<dict>
			<key>children</key>
			<array>
				<string>2DA8C0B00AC438BD08A6FA66</string>
				<string>2DA8C990E82632F6EB585674</string>
				<string>2DA8C89C5B47AC6EE5BBC7FC</string>
				<string>2DA8CB0666FB51F41F0BD2DE</string>
				<string>FC7EB140D9A545D885651900</string>
			</array>
			<key>isa</key>
			<string>PBXGroup</string>
			<key>name</key>
			<string>Frameworks</string>
			<key>sourceTree</key>
			<string>&lt;group&gt;</string>
		</dict>
		<key>2DA8CF5C823744ADE931B350</key>
		<dict>
			<key>isa</key>
			<string>PBXFileReference</string>
			<key>lastKnownFileType</key>
			<string>text.plist.strings</string>
			<key>name</key>
			<string>en</string>
			<key>path</key>
			<string>en.lproj/InfoPlist.strings</string>
			<key>sourceTree</key>
			<string>&lt;group&gt;</string>
		</dict>
		<key>2DA8CFA015C687D493EE524D</key>
		<dict>
			<key>children</key>
			<array>
				<string>2DA8CA0DAD741E169C717869</string>
				<string>2DA8CC7B380D0D26AD288A8E</string>
			</array>
			<key>isa</key>
			<string>PBXGroup</string>
			<key>name</key>
			<string>Products</string>
			<key>sourceTree</key>
			<string>&lt;group&gt;</string>
		</dict>
		<key>2DA8CFD4E8E423BC03612F5C</key>
		<dict>
			<key>isa</key>
			<string>PBXFileReference</string>
			<key>lastKnownFileType</key>
			<string>text.plist.info</string>
			<key>path</key>
			<string>LVTwitterOAuthClientTests-Info.plist</string>
			<key>sourceTree</key>
			<string>&lt;group&gt;</string>
		</dict>
		<key>2DA8CFEF572C73CECE6BA4B4</key>
		<dict>
			<key>isa</key>
			<string>PBXFileReference</string>
			<key>lastKnownFileType</key>
			<string>folder.assetcatalog</string>
			<key>path</key>
			<string>Images.xcassets</string>
			<key>sourceTree</key>
			<string>&lt;group&gt;</string>
		</dict>
		<key>309587E451C54829915D2593</key>
		<dict>
			<key>buildActionMask</key>
			<string>2147483647</string>
			<key>files</key>
			<array/>
			<key>inputPaths</key>
			<array/>
			<key>isa</key>
			<string>PBXShellScriptBuildPhase</string>
			<key>name</key>
			<string>Check Pods Manifest.lock</string>
			<key>outputPaths</key>
			<array/>
			<key>runOnlyForDeploymentPostprocessing</key>
			<string>0</string>
			<key>shellPath</key>
			<string>/bin/sh</string>
			<key>shellScript</key>
			<string>diff "${PODS_ROOT}/../Podfile.lock" "${PODS_ROOT}/Manifest.lock" &gt; /dev/null
if [[ $? != 0 ]] ; then
    cat &lt;&lt; EOM
error: The sandbox is not in sync with the Podfile.lock. Run 'pod install' or update your CocoaPods installation.
EOM
    exit 1
fi
</string>
			<key>showEnvVarsInLog</key>
			<string>0</string>
		</dict>
		<key>79092DB535FD446DA711E545</key>
		<dict>
			<key>buildActionMask</key>
			<string>2147483647</string>
			<key>files</key>
			<array/>
			<key>inputPaths</key>
			<array/>
			<key>isa</key>
			<string>PBXShellScriptBuildPhase</string>
			<key>name</key>
			<string>Copy Pods Resources</string>
			<key>outputPaths</key>
			<array/>
			<key>runOnlyForDeploymentPostprocessing</key>
			<string>0</string>
			<key>shellPath</key>
			<string>/bin/sh</string>
			<key>shellScript</key>
			<string>"${SRCROOT}/Pods/Pods-resources.sh"
</string>
			<key>showEnvVarsInLog</key>
			<string>0</string>
		</dict>
		<key>83194A0893A34DF5A811604A</key>
		<dict>
			<key>includeInIndex</key>
			<string>1</string>
			<key>isa</key>
			<string>PBXFileReference</string>
			<key>lastKnownFileType</key>
			<string>text.xcconfig</string>
			<key>name</key>
			<string>Pods.xcconfig</string>
			<key>path</key>
			<string>Pods/Pods.xcconfig</string>
			<key>sourceTree</key>
			<string>&lt;group&gt;</string>
		</dict>
		<key>FC7EB140D9A545D885651900</key>
		<dict>
			<key>explicitFileType</key>
			<string>archive.ar</string>
			<key>includeInIndex</key>
			<string>0</string>
			<key>isa</key>
			<string>PBXFileReference</string>
			<key>path</key>
			<string>libPods.a</string>
			<key>sourceTree</key>
			<string>BUILT_PRODUCTS_DIR</string>
		</dict>
	</dict>
	<key>rootObject</key>
	<string>2DA8C710BB1028706976D3B9</string>
</dict>
</plist>
